<?xml version="1.0" encoding="utf-8"?>
<Project ToolsVersion="4.0" xmlns="http://schemas.microsoft.com/developer/msbuild/2003">
  <ItemGroup>
    <Filter Include="Source Files">
      <UniqueIdentifier>{4FC737F1-C7A5-4376-A066-2A32D752A2FF}</UniqueIdentifier>
      <Extensions>cpp;c;cc;cxx;def;odl;idl;hpj;bat;asm;asmx</Extensions>
    </Filter>
    <Filter Include="Header Files">
      <UniqueIdentifier>{93995380-89BD-4b04-88EB-625FBE52EBFB}</UniqueIdentifier>
      <Extensions>h;hh;hpp;hxx;hm;inl;inc;xsd</Extensions>
    </Filter>
    <Filter Include="Resource Files">
      <UniqueIdentifier>{67DA6AB6-F800-4c08-8B7A-83BB121AAD01}</UniqueIdentifier>
      <Extensions>rc;ico;cur;bmp;dlg;rc2;rct;bin;rgs;gif;jpg;jpeg;jpe;resx;tiff;tif;png;wav;mfcribbon-ms</Extensions>
    </Filter>
  </ItemGroup>
  <ItemGroup>
    <ClCompile Include="CWindowTransparent.cpp">
      <Filter>Source Files</Filter>
    </ClCompile>
    <ClCompile Include="stdafx.cpp">
      <Filter>Source Files</Filter>
    </ClCompile>
    <ClCompile Include="spiwindowtransparentmidivoroguispectrumtimeframe.cpp">
      <Filter>Source Files</Filter>
    </ClCompile>
    <ClCompile Include="spiutility.cpp">
      <Filter>Source Files</Filter>
    </ClCompile>
    <ClCompile Include="CWindowMultimonitor.cpp">
      <Filter>Source Files</Filter>
    </ClCompile>
    <ClCompile Include="CThirdWindow.cpp">
      <Filter>Source Files</Filter>
    </ClCompile>
    <ClCompile Include="CFourthWindow.cpp">
      <Filter>Source Files</Filter>
    </ClCompile>
    <ClCompile Include="CFifthWindow.cpp">
      <Filter>Source Files</Filter>
    </ClCompile>
    <ClCompile Include="CTextWindow.cpp">
      <Filter>Source Files</Filter>
    </ClCompile>
    <ClCompile Include="CVoroguiWindow.cpp">
      <Filter>Source Files</Filter>
    </ClCompile>
    <ClCompile Include="CWindowParameter.cpp">
      <Filter>Source Files</Filter>
    </ClCompile>
    <ClCompile Include="CParameter.cpp">
      <Filter>Source Files</Filter>
    </ClCompile>
    <ClCompile Include="CSpectrumWindow.cpp">
      <Filter>Source Files</Filter>
    </ClCompile>
    <ClCompile Include="CSpectrum24bitWindow.cpp">
      <Filter>Source Files</Filter>
    </ClCompile>
    <ClCompile Include="CImageWindow.cpp">
      <Filter>Source Files</Filter>
    </ClCompile>
    <ClCompile Include="AutocorrDisplay.cpp">
      <Filter>Source Files</Filter>
    </ClCompile>
    <ClCompile Include="AutocorrHandler.cpp">
      <Filter>Source Files</Filter>
    </ClCompile>
    <ClCompile Include="AutoRescaleOw2doc.cpp">
      <Filter>Source Files</Filter>
    </ClCompile>
    <ClCompile Include="ChannelBuffersHandler.cpp">
      <Filter>Source Files</Filter>
    </ClCompile>
    <ClCompile Include="FftBase.cpp">
      <Filter>Source Files</Filter>
    </ClCompile>
    <ClCompile Include="LineDisplayHandler2D.cpp">
      <Filter>Source Files</Filter>
    </ClCompile>
    <ClCompile Include="SpectrumDisplay.cpp">
      <Filter>Source Files</Filter>
    </ClCompile>
    <ClCompile Include="WaveformDisplay.cpp">
      <Filter>Source Files</Filter>
    </ClCompile>
    <ClCompile Include="WindowedFftHandler.cpp">
      <Filter>Source Files</Filter>
    </ClCompile>
    <ClCompile Include="CTimeframeWindow.cpp">
      <Filter>Source Files</Filter>
    </ClCompile>
    <ClCompile Include="spiregreadwrite.cpp">
      <Filter>Source Files</Filter>
    </ClCompile>
    <ClCompile Include="CSPITextWindow.cpp">
      <Filter>Source Files</Filter>
    </ClCompile>
    <ClCompile Include="spivorogui.cpp">
      <Filter>Source Files</Filter>
    </ClCompile>
    <ClCompile Include="spiaudiodevice.cpp">
      <Filter>Source Files</Filter>
    </ClCompile>
    <ClCompile Include="CVorossWindow.cpp">
      <Filter>Source Files</Filter>
    </ClCompile>
    <ClCompile Include="CVorogsWindow.cpp">
      <Filter>Source Files</Filter>
    </ClCompile>
    <ClCompile Include="PolySynth.cpp">
      <Filter>Source Files</Filter>
    </ClCompile>
    <ClCompile Include="speartextpartialsreader.cpp">
      <Filter>Source Files</Filter>
    </ClCompile>
    <ClCompile Include="spitonicsynths.cpp">
      <Filter>Source Files</Filter>
    </ClCompile>
  </ItemGroup>
  <ItemGroup>
    <ClInclude Include="CWindowTransparent.h">
      <Filter>Header Files</Filter>
    </ClInclude>
    <ClInclude Include="stdafx.h">
      <Filter>Header Files</Filter>
    </ClInclude>
    <ClInclude Include="targetver.h">
      <Filter>Header Files</Filter>
    </ClInclude>
    <ClInclude Include="spiwindowtransparentmidivoroguispectrumtimeframe.h">
      <Filter>Header Files</Filter>
    </ClInclude>
    <ClInclude Include="spiutility.h">
      <Filter>Header Files</Filter>
    </ClInclude>
    <ClInclude Include="InputProcessSynth.h">
      <Filter>Header Files</Filter>
    </ClInclude>
    <ClInclude Include="defs.h">
      <Filter>Header Files</Filter>
    </ClInclude>
    <ClInclude Include="spimidi.h">
      <Filter>Header Files</Filter>
    </ClInclude>
    <ClInclude Include="CWindowMultimonitor.h">
      <Filter>Header Files</Filter>
    </ClInclude>
    <ClInclude Include="CThirdWindow.h">
      <Filter>Header Files</Filter>
    </ClInclude>
    <ClInclude Include="CFourthWindow.h">
      <Filter>Header Files</Filter>
    </ClInclude>
    <ClInclude Include="CFifthWindow.h">
      <Filter>Header Files</Filter>
    </ClInclude>
    <ClInclude Include="CTextWindow.h">
      <Filter>Header Files</Filter>
    </ClInclude>
    <ClInclude Include="resource.h">
      <Filter>Header Files</Filter>
    </ClInclude>
    <ClInclude Include="CVoroguiWindow.h">
      <Filter>Header Files</Filter>
    </ClInclude>
    <ClInclude Include="CWindowParameter.h">
      <Filter>Header Files</Filter>
    </ClInclude>
    <ClInclude Include="CParameter.h">
      <Filter>Header Files</Filter>
    </ClInclude>
    <ClInclude Include="CSpectrumWindow.h">
      <Filter>Header Files</Filter>
    </ClInclude>
    <ClInclude Include="CSpectrum24bitWindow.h">
      <Filter>Header Files</Filter>
    </ClInclude>
    <ClInclude Include="CImageWindow.h">
      <Filter>Header Files</Filter>
    </ClInclude>
    <ClInclude Include="AutocorrDisplay.h">
      <Filter>Header Files</Filter>
    </ClInclude>
    <ClInclude Include="AutocorrHandler.h">
      <Filter>Header Files</Filter>
    </ClInclude>
    <ClInclude Include="AutoRescaleOw2doc.h">
      <Filter>Header Files</Filter>
    </ClInclude>
    <ClInclude Include="ChannelBuffersHandler.h">
      <Filter>Header Files</Filter>
    </ClInclude>
    <ClInclude Include="FftBase.h">
      <Filter>Header Files</Filter>
    </ClInclude>
    <ClInclude Include="LineDisplayHandler2D.h">
      <Filter>Header Files</Filter>
    </ClInclude>
    <ClInclude Include="SpectrumDisplay.h">
      <Filter>Header Files</Filter>
    </ClInclude>
    <ClInclude Include="WaveformDisplay.h">
      <Filter>Header Files</Filter>
    </ClInclude>
    <ClInclude Include="WindowedFftHandler.h">
      <Filter>Header Files</Filter>
    </ClInclude>
    <ClInclude Include="CTimeframeWindow.h">
      <Filter>Header Files</Filter>
    </ClInclude>
    <ClInclude Include="spiregreadwrite.h">
      <Filter>Header Files</Filter>
    </ClInclude>
    <ClInclude Include="CSPITextWindow.h">
      <Filter>Header Files</Filter>
    </ClInclude>
    <ClInclude Include="spivorogui.h">
      <Filter>Header Files</Filter>
    </ClInclude>
    <ClInclude Include="spiaudiodevice.h">
      <Filter>Header Files</Filter>
    </ClInclude>
    <ClInclude Include="CVorossWindow.h">
      <Filter>Header Files</Filter>
    </ClInclude>
    <ClInclude Include="CVorogsWindow.h">
      <Filter>Header Files</Filter>
    </ClInclude>
    <ClInclude Include="PolySynth.h">
      <Filter>Header Files</Filter>
    </ClInclude>
    <ClInclude Include="speartextpartialsreader.h">
      <Filter>Header Files</Filter>
    </ClInclude>
    <ClInclude Include="spitonicsynths.h">
      <Filter>Header Files</Filter>
    </ClInclude>
  </ItemGroup>
  <ItemGroup>
    <None Include="spi.licenseheader" />
  </ItemGroup>
  <ItemGroup>
    <ResourceCompile Include="spiwindowtransparentmidivoroguispectrumtimeframe.rc">
      <Filter>Resource Files</Filter>
    </ResourceCompile>
  </ItemGroup>
</Project>